{
  "name": "ajs-clone",
  "version": "1.0.0",
  "lockfileVersion": 3,
  "requires": true,
  "packages": {
    "": {
      "name": "ajs-clone",
      "version": "1.0.0",
      "license": "ISC",
      "dependencies": {
        "@eraalex/ajs": "^1.0.0"
      }
    },
    "node_modules/@eraalex/ajs": {
      "version": "1.0.0",
      "resolved": "https://npm.pkg.github.com/download/@eraalex/ajs/1.0.0/4c9fbec5faa8008dcf36d7df3c43d5e81716cdd0",
      "integrity": "sha512-DaJdEF8EGrS2Ep75Sxj33dsZeyLEHNhgslaXRi1N1aGd4uMPShOIDqKA/+f7yByuJl2YDjJRNvFDvBSexmeXjA==",
      "license": "ISC"
    }
  }
}
